
Microsoft Visual Studio Solution File, Format Version 12.00
# Visual Studio Version 17
VisualStudioVersion = 17.4.33205.214
MinimumVisualStudioVersion = 10.0.40219.1
Project("{FAE04EC0-301F-11D3-BF4B-00C04F79EFBC}") = "CodeRabbits.Google.YouTube.DataApi.V3", "CodeRabbits.Google.YouTube.DataApi.V3\CodeRabbits.Google.YouTube.DataApi.V3.csproj", "{8DF3A2E9-24CB-46D8-9266-74E70AFCE205}"
EndProject
Global
	GlobalSection(SolutionConfigurationPlatforms) = preSolution
		Debug|Any CPU = Debug|Any CPU
		Release|Any CPU = Release|Any CPU
	EndGlobalSection
	GlobalSection(ProjectConfigurationPlatforms) = postSolution
		{8DF3A2E9-24CB-46D8-9266-74E70AFCE205}.Debug|Any CPU.ActiveCfg = Debug|Any CPU
		{8DF3A2E9-24CB-46D8-9266-74E70AFCE205}.Debug|Any CPU.Build.0 = Debug|Any CPU
		{8DF3A2E9-24CB-46D8-9266-74E70AFCE205}.Release|Any CPU.ActiveCfg = Release|Any CPU
		{8DF3A2E9-24CB-46D8-9266-74E70AFCE205}.Release|Any CPU.Build.0 = Release|Any CPU
	EndGlobalSection
	GlobalSection(SolutionProperties) = preSolution
		HideSolutionNode = FALSE
	EndGlobalSection
	GlobalSection(ExtensibilityGlobals) = postSolution
		SolutionGuid = {BA18D7BA-7DA5-462E-93E9-B9A4A41B2FEB}
	EndGlobalSection
EndGlobal
